
Microsoft Visual Studio Solution File, Format Version 12.00
# Visual Studio Version 17
VisualStudioVersion = 17.6.33815.320
MinimumVisualStudioVersion = 10.0.40219.1
Project("{FAE04EC0-301F-11D3-BF4B-00C04F79EFBC}") = "AracServisZamanHesaplama", "AracServisZamanHesaplama\AracServisZamanHesaplama.csproj", "{04FB7C77-534C-4C34-ADBC-B5615EA64215}"
EndProject
Global
	GlobalSection(SolutionConfigurationPlatforms) = preSolution
		Debug|Any CPU = Debug|Any CPU
		Release|Any CPU = Release|Any CPU
	EndGlobalSection
	GlobalSection(ProjectConfigurationPlatforms) = postSolution
		{04FB7C77-534C-4C34-ADBC-B5615EA64215}.Debug|Any CPU.ActiveCfg = Debug|Any CPU
		{04FB7C77-534C-4C34-ADBC-B5615EA64215}.Debug|Any CPU.Build.0 = Debug|Any CPU
		{04FB7C77-534C-4C34-ADBC-B5615EA64215}.Release|Any CPU.ActiveCfg = Release|Any CPU
		{04FB7C77-534C-4C34-ADBC-B5615EA64215}.Release|Any CPU.Build.0 = Release|Any CPU
	EndGlobalSection
	GlobalSection(SolutionProperties) = preSolution
		HideSolutionNode = FALSE
	EndGlobalSection
	GlobalSection(ExtensibilityGlobals) = postSolution
		SolutionGuid = {D5507CD9-4A29-4486-B143-0BD9DEBB43B9}
	EndGlobalSection
EndGlobal
